
Microsoft Visual Studio Solution File, Format Version 12.00
# Visual Studio 15
VisualStudioVersion = 15.0.26228.4
MinimumVisualStudioVersion = 10.0.40219.1
Project("{FAE04EC0-301F-11D3-BF4B-00C04F79EFBC}") = "ConsoleHelperDemo", "ConsoleApp1\ConsoleHelperDemo.csproj", "{6DABF1E7-6464-4C2D-B3B8-5C15FFDB2319}"
EndProject
Project("{FAE04EC0-301F-11D3-BF4B-00C04F79EFBC}") = "ConsoleHelper", "ConsoleHelper\ConsoleHelper.csproj", "{122B7FBE-2F79-4864-A8EB-18D06D0D3D0E}"
EndProject
Global
	GlobalSection(SolutionConfigurationPlatforms) = preSolution
		Debug|Any CPU = Debug|Any CPU
		Release|Any CPU = Release|Any CPU
	EndGlobalSection
	GlobalSection(ProjectConfigurationPlatforms) = postSolution
		{6DABF1E7-6464-4C2D-B3B8-5C15FFDB2319}.Debug|Any CPU.ActiveCfg = Debug|Any CPU
		{6DABF1E7-6464-4C2D-B3B8-5C15FFDB2319}.Debug|Any CPU.Build.0 = Debug|Any CPU
		{6DABF1E7-6464-4C2D-B3B8-5C15FFDB2319}.Release|Any CPU.ActiveCfg = Release|Any CPU
		{6DABF1E7-6464-4C2D-B3B8-5C15FFDB2319}.Release|Any CPU.Build.0 = Release|Any CPU
		{122B7FBE-2F79-4864-A8EB-18D06D0D3D0E}.Debug|Any CPU.ActiveCfg = Debug|Any CPU
		{122B7FBE-2F79-4864-A8EB-18D06D0D3D0E}.Debug|Any CPU.Build.0 = Debug|Any CPU
		{122B7FBE-2F79-4864-A8EB-18D06D0D3D0E}.Release|Any CPU.ActiveCfg = Release|Any CPU
		{122B7FBE-2F79-4864-A8EB-18D06D0D3D0E}.Release|Any CPU.Build.0 = Release|Any CPU
	EndGlobalSection
	GlobalSection(SolutionProperties) = preSolution
		HideSolutionNode = FALSE
	EndGlobalSection
	GlobalSection(ExtensibilityGlobals) = postSolution
		SolutionGuid = {707386BA-D0D1-4052-90D4-949468C9485E}
	EndGlobalSection
EndGlobal
